
Microsoft Visual Studio Solution File, Format Version 12.00
# Visual Studio Version 17
VisualStudioVersion = 17.7.34221.43
MinimumVisualStudioVersion = 10.0.40219.1
Project("{FAE04EC0-301F-11D3-BF4B-00C04F79EFBC}") = "CRUDGame", "CRUDGame\CRUDGame.csproj", "{870E7D2B-83AD-4C23-AC29-55B77FCFB1AE}"
EndProject
Global
	GlobalSection(SolutionConfigurationPlatforms) = preSolution
		Debug|Any CPU = Debug|Any CPU
		Release|Any CPU = Release|Any CPU
	EndGlobalSection
	GlobalSection(ProjectConfigurationPlatforms) = postSolution
		{870E7D2B-83AD-4C23-AC29-55B77FCFB1AE}.Debug|Any CPU.ActiveCfg = Debug|Any CPU
		{870E7D2B-83AD-4C23-AC29-55B77FCFB1AE}.Debug|Any CPU.Build.0 = Debug|Any CPU
		{870E7D2B-83AD-4C23-AC29-55B77FCFB1AE}.Release|Any CPU.ActiveCfg = Release|Any CPU
		{870E7D2B-83AD-4C23-AC29-55B77FCFB1AE}.Release|Any CPU.Build.0 = Release|Any CPU
	EndGlobalSection
	GlobalSection(SolutionProperties) = preSolution
		HideSolutionNode = FALSE
	EndGlobalSection
	GlobalSection(ExtensibilityGlobals) = postSolution
		SolutionGuid = {98F18014-61A9-4ABA-B8D3-D2668A026EB1}
	EndGlobalSection
EndGlobal
